
Microsoft Visual Studio Solution File, Format Version 12.00
# Visual Studio Version 17
VisualStudioVersion = 17.1.32328.378
MinimumVisualStudioVersion = 10.0.40219.1
Project("{FAE04EC0-301F-11D3-BF4B-00C04F79EFBC}") = "ChatApp", "ChatApp\ChatApp.csproj", "{C874430B-0C62-49D5-B557-8934E6DCCF0B}"
EndProject
Global
	GlobalSection(SolutionConfigurationPlatforms) = preSolution
		Debug|Any CPU = Debug|Any CPU
		Release|Any CPU = Release|Any CPU
	EndGlobalSection
	GlobalSection(ProjectConfigurationPlatforms) = postSolution
		{C874430B-0C62-49D5-B557-8934E6DCCF0B}.Debug|Any CPU.ActiveCfg = Debug|Any CPU
		{C874430B-0C62-49D5-B557-8934E6DCCF0B}.Debug|Any CPU.Build.0 = Debug|Any CPU
		{C874430B-0C62-49D5-B557-8934E6DCCF0B}.Release|Any CPU.ActiveCfg = Release|Any CPU
		{C874430B-0C62-49D5-B557-8934E6DCCF0B}.Release|Any CPU.Build.0 = Release|Any CPU
	EndGlobalSection
	GlobalSection(SolutionProperties) = preSolution
		HideSolutionNode = FALSE
	EndGlobalSection
	GlobalSection(ExtensibilityGlobals) = postSolution
		SolutionGuid = {BFBB34D3-8B31-41A1-B92D-DBCF50AE5A3E}
	EndGlobalSection
EndGlobal
